// !$*UTF8*$!
{
	archiveVersion = 1;
	classes = {
	};
	objectVersion = 42;
	objects = {

/* Begin PBXFileReference section */
		0658C4C5165491F2006D6286 /* WriteFiles.cpp */ = {isa = PBXFileReference; fileEncoding = 4; lastKnownFileType = sourcecode.cpp.cpp; path = WriteFiles.cpp; sourceTree = "<group>"; };
		0658C4C6165491F2006D6286 /* WriteFiles.hpp */ = {isa = PBXFileReference; fileEncoding = 4; lastKnownFileType = sourcecode.cpp.h; path = WriteFiles.hpp; sourceTree = "<group>"; };
		06A4AF1E15135A0E00F5503E /* InitiationFunctions.cpp */ = {isa = PBXFileReference; fileEncoding = 4; lastKnownFileType = sourcecode.cpp.cpp; path = InitiationFunctions.cpp; sourceTree = "<group>"; };
		06A4AF1F15135A0E00F5503E /* InitiationFunctions.hpp */ = {isa = PBXFileReference; fileEncoding = 4; lastKnownFileType = sourcecode.cpp.h; path = InitiationFunctions.hpp; sourceTree = "<group>"; };
		06D7819B151225410015C0F5 /* Main.cpp */ = {isa = PBXFileReference; fileEncoding = 4; lastKnownFileType = sourcecode.cpp.cpp; path = Main.cpp; sourceTree = "<group>"; };
		06D781B915123E2C0015C0F5 /* Functions.hpp */ = {isa = PBXFileReference; fileEncoding = 4; lastKnownFileType = sourcecode.cpp.h; path = Functions.hpp; sourceTree = "<group>"; };
		B0B0A08E12ED8DBC00EE7BEF /* Global.hpp */ = {isa = PBXFileReference; fileEncoding = 4; lastKnownFileType = sourcecode.cpp.h; path = Global.hpp; sourceTree = "<group>"; };
		DD7E35BD1A03FC6B00EF2C6E /* Functions.cpp */ = {isa = PBXFileReference; lastKnownFileType = sourcecode.cpp.cpp; path = Functions.cpp; sourceTree = "<group>"; };
/* End PBXFileReference section */

/* Begin PBXGroup section */
		B0B0A07512ED8B3800EE7BEF = {
			isa = PBXGroup;
			children = (
				06A4AF1E15135A0E00F5503E /* InitiationFunctions.cpp */,
				06A4AF1F15135A0E00F5503E /* InitiationFunctions.hpp */,
				06D781B915123E2C0015C0F5 /* Functions.hpp */,
				DD7E35BD1A03FC6B00EF2C6E /* Functions.cpp */,
				06D7819B151225410015C0F5 /* Main.cpp */,
				B0B0A08E12ED8DBC00EE7BEF /* Global.hpp */,
				0658C4C5165491F2006D6286 /* WriteFiles.cpp */,
				0658C4C6165491F2006D6286 /* WriteFiles.hpp */,
				B0B0A0A312ED913500EE7BEF /* New Group */,
			);
			sourceTree = "<group>";
		};
		B0B0A0A312ED913500EE7BEF /* New Group */ = {
			isa = PBXGroup;
			children = (
			);
			name = "New Group";
			sourceTree = "<group>";
		};
/* End PBXGroup section */

/* Begin PBXProject section */
		B0B0A07712ED8B3800EE7BEF /* Project object */ = {
			isa = PBXProject;
			buildConfigurationList = B0B0A07A12ED8B3800EE7BEF /* Build configuration list for PBXProject "Drift Model" */;
			compatibilityVersion = "Xcode 2.4";
			developmentRegion = English;
			hasScannedForEncodings = 0;
			knownRegions = (
				English,
				Japanese,
				French,
				German,
			);
			mainGroup = B0B0A07512ED8B3800EE7BEF;
			projectDirPath = "";
			projectRoot = "";
			targets = (
			);
		};
/* End PBXProject section */

/* Begin XCBuildConfiguration section */
		B0B0A07812ED8B3800EE7BEF /* Debug */ = {
			isa = XCBuildConfiguration;
			buildSettings = {
				COPY_PHASE_STRIP = NO;
			};
			name = Debug;
		};
		B0B0A07912ED8B3800EE7BEF /* Release */ = {
			isa = XCBuildConfiguration;
			buildSettings = {
				COPY_PHASE_STRIP = YES;
			};
			name = Release;
		};
/* End XCBuildConfiguration section */

/* Begin XCConfigurationList section */
		B0B0A07A12ED8B3800EE7BEF /* Build configuration list for PBXProject "Drift Model" */ = {
			isa = XCConfigurationList;
			buildConfigurations = (
				B0B0A07812ED8B3800EE7BEF /* Debug */,
				B0B0A07912ED8B3800EE7BEF /* Release */,
			);
			defaultConfigurationIsVisible = 0;
			defaultConfigurationName = Release;
		};
/* End XCConfigurationList section */
	};
	rootObject = B0B0A07712ED8B3800EE7BEF /* Project object */;
}
